
Microsoft Visual Studio Solution File, Format Version 12.00
# Visual Studio Version 16
VisualStudioVersion = 16.0.31624.102
MinimumVisualStudioVersion = 10.0.40219.1
Project("{9A19103F-16F7-4668-BE54-9A1E7A4F7556}") = "IDE langage", "IDE langage\IDE langage.csproj", "{886C9AE8-7BBC-491B-93D9-2A71C947776F}"
EndProject
Project("{54435603-DBB4-11D2-8724-00A0C9A8B90C}") = "P++", "P++\P++.vdproj", "{4D6BF8E0-3F5A-4622-B97C-99356E51535D}"
EndProject
Global
	GlobalSection(SolutionConfigurationPlatforms) = preSolution
		Debug|Any CPU = Debug|Any CPU
		Release|Any CPU = Release|Any CPU
	EndGlobalSection
	GlobalSection(ProjectConfigurationPlatforms) = postSolution
		{886C9AE8-7BBC-491B-93D9-2A71C947776F}.Debug|Any CPU.ActiveCfg = Debug|Any CPU
		{886C9AE8-7BBC-491B-93D9-2A71C947776F}.Debug|Any CPU.Build.0 = Debug|Any CPU
		{886C9AE8-7BBC-491B-93D9-2A71C947776F}.Release|Any CPU.ActiveCfg = Release|Any CPU
		{886C9AE8-7BBC-491B-93D9-2A71C947776F}.Release|Any CPU.Build.0 = Release|Any CPU
		{4D6BF8E0-3F5A-4622-B97C-99356E51535D}.Debug|Any CPU.ActiveCfg = Release
		{4D6BF8E0-3F5A-4622-B97C-99356E51535D}.Release|Any CPU.ActiveCfg = Release
	EndGlobalSection
	GlobalSection(SolutionProperties) = preSolution
		HideSolutionNode = FALSE
	EndGlobalSection
	GlobalSection(ExtensibilityGlobals) = postSolution
		SolutionGuid = {B2DF0517-3C47-40D6-BB5C-95210E1CB054}
	EndGlobalSection
EndGlobal
